// !$*UTF8*$!
{
	archiveVersion = 1;
	classes = {
	};
	objectVersion = 48;
	objects = {

/* Begin PBXBuildFile section */
		BF09525A202AF2F0009B9527 /* BriefQuestion.swift in Sources */ = {isa = PBXBuildFile; fileRef = BF095259202AF2F0009B9527 /* BriefQuestion.swift */; };
		BF0A04342007A150007701EB /* QuestionView.xib in Resources */ = {isa = PBXBuildFile; fileRef = BF0A04332007A150007701EB /* QuestionView.xib */; };
		BF0A04362007A163007701EB /* AnswerView.xib in Resources */ = {isa = PBXBuildFile; fileRef = BF0A04352007A163007701EB /* AnswerView.xib */; };
		BF0A04382007A4B4007701EB /* QuestionView.swift in Sources */ = {isa = PBXBuildFile; fileRef = BF0A04372007A4B4007701EB /* QuestionView.swift */; };
		BF0A043A2007A593007701EB /* AnswerView.swift in Sources */ = {isa = PBXBuildFile; fileRef = BF0A04392007A593007701EB /* AnswerView.swift */; };
		BF118A78202CC1C6003591CD /* CommonModelData.swift in Sources */ = {isa = PBXBuildFile; fileRef = BF118A77202CC1C6003591CD /* CommonModelData.swift */; };
		BF12F268201634DC0056919E /* BadgeCount.swift in Sources */ = {isa = PBXBuildFile; fileRef = BF12F267201634DC0056919E /* BadgeCount.swift */; };
		BF1F2D762031C592003858E2 /* LoginViewController.swift in Sources */ = {isa = PBXBuildFile; fileRef = BF1F2D752031C591003858E2 /* LoginViewController.swift */; };
		BF1F2D782031E166003858E2 /* SettingsViewController.swift in Sources */ = {isa = PBXBuildFile; fileRef = BF1F2D772031E166003858E2 /* SettingsViewController.swift */; };
		BF23CD4E2029A168003C17ED /* CollapseCommentsProtocol.swift in Sources */ = {isa = PBXBuildFile; fileRef = BF23CD4D2029A168003C17ED /* CollapseCommentsProtocol.swift */; };
		BF251927202DFFF4008CC8D0 /* LinkToImageViewHelper.swift in Sources */ = {isa = PBXBuildFile; fileRef = BF251926202DFFF4008CC8D0 /* LinkToImageViewHelper.swift */; };
		BF35C80A1FFE2AD100AF9FA7 /* Comment.swift in Sources */ = {isa = PBXBuildFile; fileRef = BF35C8061FFE2AD100AF9FA7 /* Comment.swift */; };
		BF35C80B1FFE2AD100AF9FA7 /* Answer.swift in Sources */ = {isa = PBXBuildFile; fileRef = BF35C8071FFE2AD100AF9FA7 /* Answer.swift */; };
		BF35C80C1FFE2AD100AF9FA7 /* User.swift in Sources */ = {isa = PBXBuildFile; fileRef = BF35C8081FFE2AD100AF9FA7 /* User.swift */; };
		BF35C80D1FFE2AD100AF9FA7 /* Question.swift in Sources */ = {isa = PBXBuildFile; fileRef = BF35C8091FFE2AD100AF9FA7 /* Question.swift */; };
		BF35C80F1FFE33CD00AF9FA7 /* SOPostCell.swift in Sources */ = {isa = PBXBuildFile; fileRef = BF35C80E1FFE33CD00AF9FA7 /* SOPostCell.swift */; };
		BF361D68201B4EE400CEE6FA /* APICallHelper.swift in Sources */ = {isa = PBXBuildFile; fileRef = BF361D67201B4EE400CEE6FA /* APICallHelper.swift */; };
		BF534FD82022293B00012007 /* AttributedData.swift in Sources */ = {isa = PBXBuildFile; fileRef = BF534FD72022293B00012007 /* AttributedData.swift */; };
		BF621C341FE8000600DFDAA4 /* AppDelegate.swift in Sources */ = {isa = PBXBuildFile; fileRef = BF621C331FE8000600DFDAA4 /* AppDelegate.swift */; };
		BF621C361FE8000600DFDAA4 /* SearchViewController.swift in Sources */ = {isa = PBXBuildFile; fileRef = BF621C351FE8000600DFDAA4 /* SearchViewController.swift */; };
		BF621C391FE8000600DFDAA4 /* Main.storyboard in Resources */ = {isa = PBXBuildFile; fileRef = BF621C371FE8000600DFDAA4 /* Main.storyboard */; };
		BF621C3C1FE8000600DFDAA4 /* StackOverflowReader.xcdatamodeld in Sources */ = {isa = PBXBuildFile; fileRef = BF621C3A1FE8000600DFDAA4 /* StackOverflowReader.xcdatamodeld */; };
		BF621C3E1FE8000600DFDAA4 /* Assets.xcassets in Resources */ = {isa = PBXBuildFile; fileRef = BF621C3D1FE8000600DFDAA4 /* Assets.xcassets */; };
		BF621C411FE8000600DFDAA4 /* LaunchScreen.storyboard in Resources */ = {isa = PBXBuildFile; fileRef = BF621C3F1FE8000600DFDAA4 /* LaunchScreen.storyboard */; };
		BF864CD62007D1D2000BD5E6 /* CommentTableViewCell.swift in Sources */ = {isa = PBXBuildFile; fileRef = BF864CD52007D1D2000BD5E6 /* CommentTableViewCell.swift */; };
		BFB4AD6E1FF3A2AA00097C05 /* SavedPostsViewController.swift in Sources */ = {isa = PBXBuildFile; fileRef = BFB4AD6D1FF3A2AA00097C05 /* SavedPostsViewController.swift */; };
		BFCC8CE31FFD0D870081575B /* QuestionTableViewController.swift in Sources */ = {isa = PBXBuildFile; fileRef = BFCC8CE21FFD0D870081575B /* QuestionTableViewController.swift */; };
		BFEE044A20188E900095105B /* ShallowUser.swift in Sources */ = {isa = PBXBuildFile; fileRef = BFEE044920188E900095105B /* ShallowUser.swift */; };
		BFEE6B122008BD3600BD67FB /* UserViewController.swift in Sources */ = {isa = PBXBuildFile; fileRef = BFEE6B112008BD3600BD67FB /* UserViewController.swift */; };
		BFEE6B142008D5EB00BD67FB /* AuthorNamePressedProtocol.swift in Sources */ = {isa = PBXBuildFile; fileRef = BFEE6B132008D5EB00BD67FB /* AuthorNamePressedProtocol.swift */; };
		BFFE383B2020A78300EFC233 /* HTMLStringToAttributedTextHelper.swift in Sources */ = {isa = PBXBuildFile; fileRef = BFFE383A2020A78300EFC233 /* HTMLStringToAttributedTextHelper.swift */; };
		FD9388C70645CFC0CD4F31A8 /* Pods_StackOverflowReader.framework in Frameworks */ = {isa = PBXBuildFile; fileRef = 120BAEF672886FDF3982DD99 /* Pods_StackOverflowReader.framework */; };
/* End PBXBuildFile section */

/* Begin PBXFileReference section */
		120BAEF672886FDF3982DD99 /* Pods_StackOverflowReader.framework */ = {isa = PBXFileReference; explicitFileType = wrapper.framework; includeInIndex = 0; path = Pods_StackOverflowReader.framework; sourceTree = BUILT_PRODUCTS_DIR; };
		78048D32AA22662E474B0049 /* Pods-StackOverflowReader.debug.xcconfig */ = {isa = PBXFileReference; includeInIndex = 1; lastKnownFileType = text.xcconfig; name = "Pods-StackOverflowReader.debug.xcconfig"; path = "Pods/Target Support Files/Pods-StackOverflowReader/Pods-StackOverflowReader.debug.xcconfig"; sourceTree = "<group>"; };
		BF095259202AF2F0009B9527 /* BriefQuestion.swift */ = {isa = PBXFileReference; lastKnownFileType = sourcecode.swift; path = BriefQuestion.swift; sourceTree = "<group>"; };
		BF0A04332007A150007701EB /* QuestionView.xib */ = {isa = PBXFileReference; lastKnownFileType = file.xib; path = QuestionView.xib; sourceTree = "<group>"; };
		BF0A04352007A163007701EB /* AnswerView.xib */ = {isa = PBXFileReference; lastKnownFileType = file.xib; path = AnswerView.xib; sourceTree = "<group>"; };
		BF0A04372007A4B4007701EB /* QuestionView.swift */ = {isa = PBXFileReference; lastKnownFileType = sourcecode.swift; path = QuestionView.swift; sourceTree = "<group>"; };
		BF0A04392007A593007701EB /* AnswerView.swift */ = {isa = PBXFileReference; lastKnownFileType = sourcecode.swift; path = AnswerView.swift; sourceTree = "<group>"; };
		BF118A77202CC1C6003591CD /* CommonModelData.swift */ = {isa = PBXFileReference; lastKnownFileType = sourcecode.swift; path = CommonModelData.swift; sourceTree = "<group>"; };
		BF12F267201634DC0056919E /* BadgeCount.swift */ = {isa = PBXFileReference; lastKnownFileType = sourcecode.swift; path = BadgeCount.swift; sourceTree = "<group>"; };
		BF1F2D752031C591003858E2 /* LoginViewController.swift */ = {isa = PBXFileReference; lastKnownFileType = sourcecode.swift; path = LoginViewController.swift; sourceTree = "<group>"; };
		BF1F2D772031E166003858E2 /* SettingsViewController.swift */ = {isa = PBXFileReference; lastKnownFileType = sourcecode.swift; path = SettingsViewController.swift; sourceTree = "<group>"; };
		BF23CD4D2029A168003C17ED /* CollapseCommentsProtocol.swift */ = {isa = PBXFileReference; lastKnownFileType = sourcecode.swift; path = CollapseCommentsProtocol.swift; sourceTree = "<group>"; };
		BF251926202DFFF4008CC8D0 /* LinkToImageViewHelper.swift */ = {isa = PBXFileReference; fileEncoding = 4; lastKnownFileType = sourcecode.swift; path = LinkToImageViewHelper.swift; sourceTree = "<group>"; };
		BF35C8061FFE2AD100AF9FA7 /* Comment.swift */ = {isa = PBXFileReference; fileEncoding = 4; lastKnownFileType = sourcecode.swift; path = Comment.swift; sourceTree = "<group>"; };
		BF35C8071FFE2AD100AF9FA7 /* Answer.swift */ = {isa = PBXFileReference; fileEncoding = 4; lastKnownFileType = sourcecode.swift; path = Answer.swift; sourceTree = "<group>"; };
		BF35C8081FFE2AD100AF9FA7 /* User.swift */ = {isa = PBXFileReference; fileEncoding = 4; lastKnownFileType = sourcecode.swift; path = User.swift; sourceTree = "<group>"; };
		BF35C8091FFE2AD100AF9FA7 /* Question.swift */ = {isa = PBXFileReference; fileEncoding = 4; lastKnownFileType = sourcecode.swift; path = Question.swift; sourceTree = "<group>"; };
		BF35C80E1FFE33CD00AF9FA7 /* SOPostCell.swift */ = {isa = PBXFileReference; lastKnownFileType = sourcecode.swift; path = SOPostCell.swift; sourceTree = "<group>"; };
		BF361D67201B4EE400CEE6FA /* APICallHelper.swift */ = {isa = PBXFileReference; lastKnownFileType = sourcecode.swift; path = APICallHelper.swift; sourceTree = "<group>"; };
		BF534FD72022293B00012007 /* AttributedData.swift */ = {isa = PBXFileReference; lastKnownFileType = sourcecode.swift; path = AttributedData.swift; sourceTree = "<group>"; };
		BF621C301FE8000500DFDAA4 /* StackOverflowReader.app */ = {isa = PBXFileReference; explicitFileType = wrapper.application; includeInIndex = 0; path = StackOverflowReader.app; sourceTree = BUILT_PRODUCTS_DIR; };
		BF621C331FE8000600DFDAA4 /* AppDelegate.swift */ = {isa = PBXFileReference; lastKnownFileType = sourcecode.swift; path = AppDelegate.swift; sourceTree = "<group>"; };
		BF621C351FE8000600DFDAA4 /* SearchViewController.swift */ = {isa = PBXFileReference; lastKnownFileType = sourcecode.swift; path = SearchViewController.swift; sourceTree = "<group>"; };
		BF621C381FE8000600DFDAA4 /* Base */ = {isa = PBXFileReference; lastKnownFileType = file.storyboard; name = Base; path = Base.lproj/Main.storyboard; sourceTree = "<group>"; };
		BF621C3B1FE8000600DFDAA4 /* StackOverflowReader.xcdatamodel */ = {isa = PBXFileReference; lastKnownFileType = wrapper.xcdatamodel; path = StackOverflowReader.xcdatamodel; sourceTree = "<group>"; };
		BF621C3D1FE8000600DFDAA4 /* Assets.xcassets */ = {isa = PBXFileReference; lastKnownFileType = folder.assetcatalog; path = Assets.xcassets; sourceTree = "<group>"; };
		BF621C401FE8000600DFDAA4 /* Base */ = {isa = PBXFileReference; lastKnownFileType = file.storyboard; name = Base; path = Base.lproj/LaunchScreen.storyboard; sourceTree = "<group>"; };
		BF621C421FE8000600DFDAA4 /* Info.plist */ = {isa = PBXFileReference; lastKnownFileType = text.plist.xml; path = Info.plist; sourceTree = "<group>"; };
		BF864CD52007D1D2000BD5E6 /* CommentTableViewCell.swift */ = {isa = PBXFileReference; fileEncoding = 4; lastKnownFileType = sourcecode.swift; path = CommentTableViewCell.swift; sourceTree = "<group>"; };
		BFB4AD6D1FF3A2AA00097C05 /* SavedPostsViewController.swift */ = {isa = PBXFileReference; lastKnownFileType = sourcecode.swift; path = SavedPostsViewController.swift; sourceTree = "<group>"; };
		BFCC8CE21FFD0D870081575B /* QuestionTableViewController.swift */ = {isa = PBXFileReference; lastKnownFileType = sourcecode.swift; path = QuestionTableViewController.swift; sourceTree = "<group>"; };
		BFEE044920188E900095105B /* ShallowUser.swift */ = {isa = PBXFileReference; lastKnownFileType = sourcecode.swift; path = ShallowUser.swift; sourceTree = "<group>"; };
		BFEE6B112008BD3600BD67FB /* UserViewController.swift */ = {isa = PBXFileReference; lastKnownFileType = sourcecode.swift; path = UserViewController.swift; sourceTree = "<group>"; };
		BFEE6B132008D5EB00BD67FB /* AuthorNamePressedProtocol.swift */ = {isa = PBXFileReference; lastKnownFileType = sourcecode.swift; path = AuthorNamePressedProtocol.swift; sourceTree = "<group>"; };
		BFFE383A2020A78300EFC233 /* HTMLStringToAttributedTextHelper.swift */ = {isa = PBXFileReference; lastKnownFileType = sourcecode.swift; path = HTMLStringToAttributedTextHelper.swift; sourceTree = "<group>"; };
		F93117EE3B476877F4741F94 /* Pods-StackOverflowReader.release.xcconfig */ = {isa = PBXFileReference; includeInIndex = 1; lastKnownFileType = text.xcconfig; name = "Pods-StackOverflowReader.release.xcconfig"; path = "Pods/Target Support Files/Pods-StackOverflowReader/Pods-StackOverflowReader.release.xcconfig"; sourceTree = "<group>"; };
/* End PBXFileReference section */

/* Begin PBXFrameworksBuildPhase section */
		BF621C2D1FE8000500DFDAA4 /* Frameworks */ = {
			isa = PBXFrameworksBuildPhase;
			buildActionMask = 2147483647;
			files = (
				FD9388C70645CFC0CD4F31A8 /* Pods_StackOverflowReader.framework in Frameworks */,
			);
			runOnlyForDeploymentPostprocessing = 0;
		};
/* End PBXFrameworksBuildPhase section */

/* Begin PBXGroup section */
		4AC36091D535EC36A7AEAA4C /* Pods */ = {
			isa = PBXGroup;
			children = (
				78048D32AA22662E474B0049 /* Pods-StackOverflowReader.debug.xcconfig */,
				F93117EE3B476877F4741F94 /* Pods-StackOverflowReader.release.xcconfig */,
			);
			name = Pods;
			sourceTree = "<group>";
		};
		BF621C271FE8000500DFDAA4 = {
			isa = PBXGroup;
			children = (
				BF621C321FE8000500DFDAA4 /* StackOverflowReader */,
				BF621C311FE8000500DFDAA4 /* Products */,
				4AC36091D535EC36A7AEAA4C /* Pods */,
				EF714B4C9D8CD38252A48BCF /* Frameworks */,
			);
			sourceTree = "<group>";
		};
		BF621C311FE8000500DFDAA4 /* Products */ = {
			isa = PBXGroup;
			children = (
				BF621C301FE8000500DFDAA4 /* StackOverflowReader.app */,
			);
			name = Products;
			sourceTree = "<group>";
		};
		BF621C321FE8000500DFDAA4 /* StackOverflowReader */ = {
			isa = PBXGroup;
			children = (
				BF6E445D1FED42A4004BEF13 /* Helpers */,
				BF6E445B1FED427F004BEF13 /* Controllers */,
				BF6E445A1FED4279004BEF13 /* Views */,
				BF6E44591FED423F004BEF13 /* Models */,
				BF621C331FE8000600DFDAA4 /* AppDelegate.swift */,
				BF621C3D1FE8000600DFDAA4 /* Assets.xcassets */,
				BF621C421FE8000600DFDAA4 /* Info.plist */,
				BF621C3A1FE8000600DFDAA4 /* StackOverflowReader.xcdatamodeld */,
			);
			path = StackOverflowReader;
			sourceTree = "<group>";
		};
		BF6E44591FED423F004BEF13 /* Models */ = {
			isa = PBXGroup;
			children = (
				BF35C8071FFE2AD100AF9FA7 /* Answer.swift */,
				BF35C8061FFE2AD100AF9FA7 /* Comment.swift */,
				BF35C8091FFE2AD100AF9FA7 /* Question.swift */,
				BF35C8081FFE2AD100AF9FA7 /* User.swift */,
				BF12F267201634DC0056919E /* BadgeCount.swift */,
				BFEE044920188E900095105B /* ShallowUser.swift */,
				BF095259202AF2F0009B9527 /* BriefQuestion.swift */,
				BF118A77202CC1C6003591CD /* CommonModelData.swift */,
			);
			path = Models;
			sourceTree = "<group>";
		};
		BF6E445A1FED4279004BEF13 /* Views */ = {
			isa = PBXGroup;
			children = (
				BF35C80E1FFE33CD00AF9FA7 /* SOPostCell.swift */,
				BF864CD52007D1D2000BD5E6 /* CommentTableViewCell.swift */,
				BF0A04372007A4B4007701EB /* QuestionView.swift */,
				BF0A04392007A593007701EB /* AnswerView.swift */,
				BF621C371FE8000600DFDAA4 /* Main.storyboard */,
				BF621C3F1FE8000600DFDAA4 /* LaunchScreen.storyboard */,
				BF0A04352007A163007701EB /* AnswerView.xib */,
				BF0A04332007A150007701EB /* QuestionView.xib */,
			);
			path = Views;
			sourceTree = "<group>";
		};
		BF6E445B1FED427F004BEF13 /* Controllers */ = {
			isa = PBXGroup;
			children = (
				BFB4AD6D1FF3A2AA00097C05 /* SavedPostsViewController.swift */,
				BF621C351FE8000600DFDAA4 /* SearchViewController.swift */,
				BFCC8CE21FFD0D870081575B /* QuestionTableViewController.swift */,
				BFEE6B112008BD3600BD67FB /* UserViewController.swift */,
				BF1F2D752031C591003858E2 /* LoginViewController.swift */,
				BF1F2D772031E166003858E2 /* SettingsViewController.swift */,
			);
			path = Controllers;
			sourceTree = "<group>";
		};
		BF6E445D1FED42A4004BEF13 /* Helpers */ = {
			isa = PBXGroup;
			children = (
				BF251926202DFFF4008CC8D0 /* LinkToImageViewHelper.swift */,
				BFEE6B132008D5EB00BD67FB /* AuthorNamePressedProtocol.swift */,
				BF361D67201B4EE400CEE6FA /* APICallHelper.swift */,
				BFFE383A2020A78300EFC233 /* HTMLStringToAttributedTextHelper.swift */,
				BF534FD72022293B00012007 /* AttributedData.swift */,
				BF23CD4D2029A168003C17ED /* CollapseCommentsProtocol.swift */,
			);
			path = Helpers;
			sourceTree = "<group>";
		};
		EF714B4C9D8CD38252A48BCF /* Frameworks */ = {
			isa = PBXGroup;
			children = (
				120BAEF672886FDF3982DD99 /* Pods_StackOverflowReader.framework */,
			);
			name = Frameworks;
			sourceTree = "<group>";
		};
/* End PBXGroup section */

/* Begin PBXNativeTarget section */
		BF621C2F1FE8000500DFDAA4 /* StackOverflowReader */ = {
			isa = PBXNativeTarget;
			buildConfigurationList = BF621C451FE8000600DFDAA4 /* Build configuration list for PBXNativeTarget "StackOverflowReader" */;
			buildPhases = (
				84E4C4B8ED4DE174778BE2DA /* [CP] Check Pods Manifest.lock */,
				BF621C2C1FE8000500DFDAA4 /* Sources */,
				BF621C2D1FE8000500DFDAA4 /* Frameworks */,
				BF621C2E1FE8000500DFDAA4 /* Resources */,
				E2658D0D9B5CF6DCB541DD78 /* [CP] Embed Pods Frameworks */,
				0A7D28ECDF895CBDF7FC7066 /* [CP] Copy Pods Resources */,
			);
			buildRules = (
			);
			dependencies = (
			);
			name = StackOverflowReader;
			productName = StackOverflowReader;
			productReference = BF621C301FE8000500DFDAA4 /* StackOverflowReader.app */;
			productType = "com.apple.product-type.application";
		};
/* End PBXNativeTarget section */

/* Begin PBXProject section */
		BF621C281FE8000500DFDAA4 /* Project object */ = {
			isa = PBXProject;
			attributes = {
				LastSwiftUpdateCheck = 0920;
				LastUpgradeCheck = 0920;
				ORGANIZATIONNAME = chisw;
				TargetAttributes = {
					BF621C2F1FE8000500DFDAA4 = {
						CreatedOnToolsVersion = 9.2;
						ProvisioningStyle = Automatic;
					};
				};
			};
			buildConfigurationList = BF621C2B1FE8000500DFDAA4 /* Build configuration list for PBXProject "StackOverflowReader" */;
			compatibilityVersion = "Xcode 8.0";
			developmentRegion = en;
			hasScannedForEncodings = 0;
			knownRegions = (
				en,
				Base,
			);
			mainGroup = BF621C271FE8000500DFDAA4;
			productRefGroup = BF621C311FE8000500DFDAA4 /* Products */;
			projectDirPath = "";
			projectRoot = "";
			targets = (
				BF621C2F1FE8000500DFDAA4 /* StackOverflowReader */,
			);
		};
/* End PBXProject section */

/* Begin PBXResourcesBuildPhase section */
		BF621C2E1FE8000500DFDAA4 /* Resources */ = {
			isa = PBXResourcesBuildPhase;
			buildActionMask = 2147483647;
			files = (
				BF621C411FE8000600DFDAA4 /* LaunchScreen.storyboard in Resources */,
				BF621C3E1FE8000600DFDAA4 /* Assets.xcassets in Resources */,
				BF0A04342007A150007701EB /* QuestionView.xib in Resources */,
				BF0A04362007A163007701EB /* AnswerView.xib in Resources */,
				BF621C391FE8000600DFDAA4 /* Main.storyboard in Resources */,
			);
			runOnlyForDeploymentPostprocessing = 0;
		};
/* End PBXResourcesBuildPhase section */

/* Begin PBXShellScriptBuildPhase section */
		0A7D28ECDF895CBDF7FC7066 /* [CP] Copy Pods Resources */ = {
			isa = PBXShellScriptBuildPhase;
			buildActionMask = 2147483647;
			files = (
			);
			inputPaths = (
			);
			name = "[CP] Copy Pods Resources";
			outputPaths = (
			);
			runOnlyForDeploymentPostprocessing = 0;
			shellPath = /bin/sh;
			shellScript = "\"${SRCROOT}/Pods/Target Support Files/Pods-StackOverflowReader/Pods-StackOverflowReader-resources.sh\"\n";
			showEnvVarsInLog = 0;
		};
		84E4C4B8ED4DE174778BE2DA /* [CP] Check Pods Manifest.lock */ = {
			isa = PBXShellScriptBuildPhase;
			buildActionMask = 2147483647;
			files = (
			);
			inputPaths = (
				"${PODS_PODFILE_DIR_PATH}/Podfile.lock",
				"${PODS_ROOT}/Manifest.lock",
			);
			name = "[CP] Check Pods Manifest.lock";
			outputPaths = (
				"$(DERIVED_FILE_DIR)/Pods-StackOverflowReader-checkManifestLockResult.txt",
			);
			runOnlyForDeploymentPostprocessing = 0;
			shellPath = /bin/sh;
			shellScript = "diff \"${PODS_PODFILE_DIR_PATH}/Podfile.lock\" \"${PODS_ROOT}/Manifest.lock\" > /dev/null\nif [ $? != 0 ] ; then\n    # print error to STDERR\n    echo \"error: The sandbox is not in sync with the Podfile.lock. Run 'pod install' or update your CocoaPods installation.\" >&2\n    exit 1\nfi\n# This output is used by Xcode 'outputs' to avoid re-running this script phase.\necho \"SUCCESS\" > \"${SCRIPT_OUTPUT_FILE_0}\"\n";
			showEnvVarsInLog = 0;
		};
		E2658D0D9B5CF6DCB541DD78 /* [CP] Embed Pods Frameworks */ = {
			isa = PBXShellScriptBuildPhase;
			buildActionMask = 2147483647;
			files = (
			);
			inputPaths = (
				"${SRCROOT}/Pods/Target Support Files/Pods-StackOverflowReader/Pods-StackOverflowReader-frameworks.sh",
				"${BUILT_PRODUCTS_DIR}/Bolts/Bolts.framework",
				"${BUILT_PRODUCTS_DIR}/FBSDKCoreKit/FBSDKCoreKit.framework",
				"${BUILT_PRODUCTS_DIR}/FBSDKLoginKit/FBSDKLoginKit.framework",
				"${BUILT_PRODUCTS_DIR}/FBSDKShareKit/FBSDKShareKit.framework",
				"${BUILT_PRODUCTS_DIR}/FacebookCore/FacebookCore.framework",
				"${BUILT_PRODUCTS_DIR}/FacebookLogin/FacebookLogin.framework",
				"${BUILT_PRODUCTS_DIR}/FacebookShare/FacebookShare.framework",
			);
			name = "[CP] Embed Pods Frameworks";
			outputPaths = (
				"${TARGET_BUILD_DIR}/${FRAMEWORKS_FOLDER_PATH}/Bolts.framework",
				"${TARGET_BUILD_DIR}/${FRAMEWORKS_FOLDER_PATH}/FBSDKCoreKit.framework",
				"${TARGET_BUILD_DIR}/${FRAMEWORKS_FOLDER_PATH}/FBSDKLoginKit.framework",
				"${TARGET_BUILD_DIR}/${FRAMEWORKS_FOLDER_PATH}/FBSDKShareKit.framework",
				"${TARGET_BUILD_DIR}/${FRAMEWORKS_FOLDER_PATH}/FacebookCore.framework",
				"${TARGET_BUILD_DIR}/${FRAMEWORKS_FOLDER_PATH}/FacebookLogin.framework",
				"${TARGET_BUILD_DIR}/${FRAMEWORKS_FOLDER_PATH}/FacebookShare.framework",
			);
			runOnlyForDeploymentPostprocessing = 0;
			shellPath = /bin/sh;
			shellScript = "\"${SRCROOT}/Pods/Target Support Files/Pods-StackOverflowReader/Pods-StackOverflowReader-frameworks.sh\"\n";
			showEnvVarsInLog = 0;
		};
/* End PBXShellScriptBuildPhase section */

/* Begin PBXSourcesBuildPhase section */
		BF621C2C1FE8000500DFDAA4 /* Sources */ = {
			isa = PBXSourcesBuildPhase;
			buildActionMask = 2147483647;
			files = (
				BFFE383B2020A78300EFC233 /* HTMLStringToAttributedTextHelper.swift in Sources */,
				BF09525A202AF2F0009B9527 /* BriefQuestion.swift in Sources */,
				BF0A04382007A4B4007701EB /* QuestionView.swift in Sources */,
				BF35C80C1FFE2AD100AF9FA7 /* User.swift in Sources */,
				BF35C80F1FFE33CD00AF9FA7 /* SOPostCell.swift in Sources */,
				BF23CD4E2029A168003C17ED /* CollapseCommentsProtocol.swift in Sources */,
				BFB4AD6E1FF3A2AA00097C05 /* SavedPostsViewController.swift in Sources */,
				BF621C361FE8000600DFDAA4 /* SearchViewController.swift in Sources */,
				BF534FD82022293B00012007 /* AttributedData.swift in Sources */,
				BF12F268201634DC0056919E /* BadgeCount.swift in Sources */,
				BF621C3C1FE8000600DFDAA4 /* StackOverflowReader.xcdatamodeld in Sources */,
				BF118A78202CC1C6003591CD /* CommonModelData.swift in Sources */,
				BF0A043A2007A593007701EB /* AnswerView.swift in Sources */,
				BF1F2D762031C592003858E2 /* LoginViewController.swift in Sources */,
				BF251927202DFFF4008CC8D0 /* LinkToImageViewHelper.swift in Sources */,
				BFEE6B122008BD3600BD67FB /* UserViewController.swift in Sources */,
				BF361D68201B4EE400CEE6FA /* APICallHelper.swift in Sources */,
				BF864CD62007D1D2000BD5E6 /* CommentTableViewCell.swift in Sources */,
				BF35C80B1FFE2AD100AF9FA7 /* Answer.swift in Sources */,
				BF35C80D1FFE2AD100AF9FA7 /* Question.swift in Sources */,
				BFCC8CE31FFD0D870081575B /* QuestionTableViewController.swift in Sources */,
				BF621C341FE8000600DFDAA4 /* AppDelegate.swift in Sources */,
				BFEE6B142008D5EB00BD67FB /* AuthorNamePressedProtocol.swift in Sources */,
				BF1F2D782031E166003858E2 /* SettingsViewController.swift in Sources */,
				BF35C80A1FFE2AD100AF9FA7 /* Comment.swift in Sources */,
				BFEE044A20188E900095105B /* ShallowUser.swift in Sources */,
			);
			runOnlyForDeploymentPostprocessing = 0;
		};
/* End PBXSourcesBuildPhase section */

/* Begin PBXVariantGroup section */
		BF621C371FE8000600DFDAA4 /* Main.storyboard */ = {
			isa = PBXVariantGroup;
			children = (
				BF621C381FE8000600DFDAA4 /* Base */,
			);
			name = Main.storyboard;
			sourceTree = "<group>";
		};
		BF621C3F1FE8000600DFDAA4 /* LaunchScreen.storyboard */ = {
			isa = PBXVariantGroup;
			children = (
				BF621C401FE8000600DFDAA4 /* Base */,
			);
			name = LaunchScreen.storyboard;
			sourceTree = "<group>";
		};
/* End PBXVariantGroup section */

/* Begin XCBuildConfiguration section */
		BF621C431FE8000600DFDAA4 /* Debug */ = {
			isa = XCBuildConfiguration;
			buildSettings = {
				ALWAYS_SEARCH_USER_PATHS = NO;
				CLANG_ANALYZER_NONNULL = YES;
				CLANG_ANALYZER_NUMBER_OBJECT_CONVERSION = YES_AGGRESSIVE;
				CLANG_CXX_LANGUAGE_STANDARD = "gnu++14";
				CLANG_CXX_LIBRARY = "libc++";
				CLANG_ENABLE_MODULES = YES;
				CLANG_ENABLE_OBJC_ARC = YES;
				CLANG_WARN_BLOCK_CAPTURE_AUTORELEASING = YES;
				CLANG_WARN_BOOL_CONVERSION = YES;
				CLANG_WARN_COMMA = YES;
				CLANG_WARN_CONSTANT_CONVERSION = YES;
				CLANG_WARN_DIRECT_OBJC_ISA_USAGE = YES_ERROR;
				CLANG_WARN_DOCUMENTATION_COMMENTS = YES;
				CLANG_WARN_EMPTY_BODY = YES;
				CLANG_WARN_ENUM_CONVERSION = YES;
				CLANG_WARN_INFINITE_RECURSION = YES;
				CLANG_WARN_INT_CONVERSION = YES;
				CLANG_WARN_NON_LITERAL_NULL_CONVERSION = YES;
				CLANG_WARN_OBJC_LITERAL_CONVERSION = YES;
				CLANG_WARN_OBJC_ROOT_CLASS = YES_ERROR;
				CLANG_WARN_RANGE_LOOP_ANALYSIS = YES;
				CLANG_WARN_STRICT_PROTOTYPES = YES;
				CLANG_WARN_SUSPICIOUS_MOVE = YES;
				CLANG_WARN_UNGUARDED_AVAILABILITY = YES_AGGRESSIVE;
				CLANG_WARN_UNREACHABLE_CODE = YES;
				CLANG_WARN__DUPLICATE_METHOD_MATCH = YES;
				CODE_SIGN_IDENTITY = "iPhone Developer";
				COPY_PHASE_STRIP = NO;
				DEBUG_INFORMATION_FORMAT = dwarf;
				ENABLE_STRICT_OBJC_MSGSEND = YES;
				ENABLE_TESTABILITY = YES;
				GCC_C_LANGUAGE_STANDARD = gnu11;
				GCC_DYNAMIC_NO_PIC = NO;
				GCC_NO_COMMON_BLOCKS = YES;
				GCC_OPTIMIZATION_LEVEL = 0;
				GCC_PREPROCESSOR_DEFINITIONS = (
					"DEBUG=1",
					"$(inherited)",
				);
				GCC_WARN_64_TO_32_BIT_CONVERSION = YES;
				GCC_WARN_ABOUT_RETURN_TYPE = YES_ERROR;
				GCC_WARN_UNDECLARED_SELECTOR = YES;
				GCC_WARN_UNINITIALIZED_AUTOS = YES_AGGRESSIVE;
				GCC_WARN_UNUSED_FUNCTION = YES;
				GCC_WARN_UNUSED_VARIABLE = YES;
				IPHONEOS_DEPLOYMENT_TARGET = 11.2;
				MTL_ENABLE_DEBUG_INFO = YES;
				ONLY_ACTIVE_ARCH = YES;
				SDKROOT = iphoneos;
				SWIFT_ACTIVE_COMPILATION_CONDITIONS = DEBUG;
				SWIFT_OPTIMIZATION_LEVEL = "-Onone";
			};
			name = Debug;
		};
		BF621C441FE8000600DFDAA4 /* Release */ = {
			isa = XCBuildConfiguration;
			buildSettings = {
				ALWAYS_SEARCH_USER_PATHS = NO;
				CLANG_ANALYZER_NONNULL = YES;
				CLANG_ANALYZER_NUMBER_OBJECT_CONVERSION = YES_AGGRESSIVE;
				CLANG_CXX_LANGUAGE_STANDARD = "gnu++14";
				CLANG_CXX_LIBRARY = "libc++";
				CLANG_ENABLE_MODULES = YES;
				CLANG_ENABLE_OBJC_ARC = YES;
				CLANG_WARN_BLOCK_CAPTURE_AUTORELEASING = YES;
				CLANG_WARN_BOOL_CONVERSION = YES;
				CLANG_WARN_COMMA = YES;
				CLANG_WARN_CONSTANT_CONVERSION = YES;
				CLANG_WARN_DIRECT_OBJC_ISA_USAGE = YES_ERROR;
				CLANG_WARN_DOCUMENTATION_COMMENTS = YES;
				CLANG_WARN_EMPTY_BODY = YES;
				CLANG_WARN_ENUM_CONVERSION = YES;
				CLANG_WARN_INFINITE_RECURSION = YES;
				CLANG_WARN_INT_CONVERSION = YES;
				CLANG_WARN_NON_LITERAL_NULL_CONVERSION = YES;
				CLANG_WARN_OBJC_LITERAL_CONVERSION = YES;
				CLANG_WARN_OBJC_ROOT_CLASS = YES_ERROR;
				CLANG_WARN_RANGE_LOOP_ANALYSIS = YES;
				CLANG_WARN_STRICT_PROTOTYPES = YES;
				CLANG_WARN_SUSPICIOUS_MOVE = YES;
				CLANG_WARN_UNGUARDED_AVAILABILITY = YES_AGGRESSIVE;
				CLANG_WARN_UNREACHABLE_CODE = YES;
				CLANG_WARN__DUPLICATE_METHOD_MATCH = YES;
				CODE_SIGN_IDENTITY = "iPhone Developer";
				COPY_PHASE_STRIP = NO;
				DEBUG_INFORMATION_FORMAT = "dwarf-with-dsym";
				ENABLE_NS_ASSERTIONS = NO;
				ENABLE_STRICT_OBJC_MSGSEND = YES;
				GCC_C_LANGUAGE_STANDARD = gnu11;
				GCC_NO_COMMON_BLOCKS = YES;
				GCC_WARN_64_TO_32_BIT_CONVERSION = YES;
				GCC_WARN_ABOUT_RETURN_TYPE = YES_ERROR;
				GCC_WARN_UNDECLARED_SELECTOR = YES;
				GCC_WARN_UNINITIALIZED_AUTOS = YES_AGGRESSIVE;
				GCC_WARN_UNUSED_FUNCTION = YES;
				GCC_WARN_UNUSED_VARIABLE = YES;
				IPHONEOS_DEPLOYMENT_TARGET = 11.2;
				MTL_ENABLE_DEBUG_INFO = NO;
				SDKROOT = iphoneos;
				SWIFT_OPTIMIZATION_LEVEL = "-Owholemodule";
				VALIDATE_PRODUCT = YES;
			};
			name = Release;
		};
		BF621C461FE8000600DFDAA4 /* Debug */ = {
			isa = XCBuildConfiguration;
			baseConfigurationReference = 78048D32AA22662E474B0049 /* Pods-StackOverflowReader.debug.xcconfig */;
			buildSettings = {
				ASSETCATALOG_COMPILER_APPICON_NAME = AppIcon;
				"CODE_SIGN_IDENTITY[sdk=iphoneos*]" = "iPhone Developer";
				CODE_SIGN_STYLE = Automatic;
				DEVELOPMENT_TEAM = AUN8RZBJE7;
				INFOPLIST_FILE = StackOverflowReader/Info.plist;
				IPHONEOS_DEPLOYMENT_TARGET = 11.1;
				LD_RUNPATH_SEARCH_PATHS = "$(inherited) @executable_path/Frameworks";
				PRODUCT_BUNDLE_IDENTIFIER = chisw.StackOverflowReader;
				PRODUCT_NAME = "$(TARGET_NAME)";
				PROVISIONING_PROFILE_SPECIFIER = "";
				SWIFT_VERSION = 4.0;
				TARGETED_DEVICE_FAMILY = 1;
			};
			name = Debug;
		};
		BF621C471FE8000600DFDAA4 /* Release */ = {
			isa = XCBuildConfiguration;
			baseConfigurationReference = F93117EE3B476877F4741F94 /* Pods-StackOverflowReader.release.xcconfig */;
			buildSettings = {
				ASSETCATALOG_COMPILER_APPICON_NAME = AppIcon;
				"CODE_SIGN_IDENTITY[sdk=iphoneos*]" = "iPhone Developer";
				CODE_SIGN_STYLE = Automatic;
				DEVELOPMENT_TEAM = AUN8RZBJE7;
				INFOPLIST_FILE = StackOverflowReader/Info.plist;
				IPHONEOS_DEPLOYMENT_TARGET = 11.1;
				LD_RUNPATH_SEARCH_PATHS = "$(inherited) @executable_path/Frameworks";
				PRODUCT_BUNDLE_IDENTIFIER = chisw.StackOverflowReader;
				PRODUCT_NAME = "$(TARGET_NAME)";
				PROVISIONING_PROFILE_SPECIFIER = "";
				SWIFT_VERSION = 4.0;
				TARGETED_DEVICE_FAMILY = 1;
			};
			name = Release;
		};
/* End XCBuildConfiguration section */

/* Begin XCConfigurationList section */
		BF621C2B1FE8000500DFDAA4 /* Build configuration list for PBXProject "StackOverflowReader" */ = {
			isa = XCConfigurationList;
			buildConfigurations = (
				BF621C431FE8000600DFDAA4 /* Debug */,
				BF621C441FE8000600DFDAA4 /* Release */,
			);
			defaultConfigurationIsVisible = 0;
			defaultConfigurationName = Release;
		};
		BF621C451FE8000600DFDAA4 /* Build configuration list for PBXNativeTarget "StackOverflowReader" */ = {
			isa = XCConfigurationList;
			buildConfigurations = (
				BF621C461FE8000600DFDAA4 /* Debug */,
				BF621C471FE8000600DFDAA4 /* Release */,
			);
			defaultConfigurationIsVisible = 0;
			defaultConfigurationName = Release;
		};
/* End XCConfigurationList section */

/* Begin XCVersionGroup section */
		BF621C3A1FE8000600DFDAA4 /* StackOverflowReader.xcdatamodeld */ = {
			isa = XCVersionGroup;
			children = (
				BF621C3B1FE8000600DFDAA4 /* StackOverflowReader.xcdatamodel */,
			);
			currentVersion = BF621C3B1FE8000600DFDAA4 /* StackOverflowReader.xcdatamodel */;
			path = StackOverflowReader.xcdatamodeld;
			sourceTree = "<group>";
			versionGroupType = wrapper.xcdatamodel;
		};
/* End XCVersionGroup section */
	};
	rootObject = BF621C281FE8000500DFDAA4 /* Project object */;
}
